// !$*UTF8*$!
{
	archiveVersion = 1;
	classes = {
	};
	objectVersion = 56;
	objects = {

/* Begin PBXBuildFile section */
		920FB68E292F34A000868CC8 /* ViewRecipeTableViewController.swift in Sources */ = {isa = PBXBuildFile; fileRef = 920FB68D292F34A000868CC8 /* ViewRecipeTableViewController.swift */; };
		920FB690292F34D600868CC8 /* EditRecipeTableViewController.swift in Sources */ = {isa = PBXBuildFile; fileRef = 920FB68F292F34D600868CC8 /* EditRecipeTableViewController.swift */; };
		920FB692292F64C600868CC8 /* AddRecipeTableViewController.swift in Sources */ = {isa = PBXBuildFile; fileRef = 920FB691292F64C600868CC8 /* AddRecipeTableViewController.swift */; };
		924AB009292118DD00118C9D /* AppDelegate.swift in Sources */ = {isa = PBXBuildFile; fileRef = 924AB008292118DD00118C9D /* AppDelegate.swift */; };
		924AB00B292118DD00118C9D /* SceneDelegate.swift in Sources */ = {isa = PBXBuildFile; fileRef = 924AB00A292118DD00118C9D /* SceneDelegate.swift */; };
		924AB010292118DD00118C9D /* Main.storyboard in Resources */ = {isa = PBXBuildFile; fileRef = 924AB00E292118DD00118C9D /* Main.storyboard */; };
		924AB012292118DF00118C9D /* Assets.xcassets in Resources */ = {isa = PBXBuildFile; fileRef = 924AB011292118DF00118C9D /* Assets.xcassets */; };
		924AB015292118DF00118C9D /* LaunchScreen.storyboard in Resources */ = {isa = PBXBuildFile; fileRef = 924AB013292118DF00118C9D /* LaunchScreen.storyboard */; };
		924AB01D2921194100118C9D /* GoogleService-Info.plist in Resources */ = {isa = PBXBuildFile; fileRef = 924AB01C2921194100118C9D /* GoogleService-Info.plist */; };
		924AB02029211A0F00118C9D /* FirebaseAuth in Frameworks */ = {isa = PBXBuildFile; productRef = 924AB01F29211A0F00118C9D /* FirebaseAuth */; };
		924AB02229211A0F00118C9D /* FirebaseFirestore in Frameworks */ = {isa = PBXBuildFile; productRef = 924AB02129211A0F00118C9D /* FirebaseFirestore */; };
		924AB02429211A0F00118C9D /* FirebaseFirestoreSwift in Frameworks */ = {isa = PBXBuildFile; productRef = 924AB02329211A0F00118C9D /* FirebaseFirestoreSwift */; };
		924AB02629212EE900118C9D /* Recipe.swift in Sources */ = {isa = PBXBuildFile; fileRef = 924AB02529212EE900118C9D /* Recipe.swift */; };
		924AB02829212EF400118C9D /* FirestoreRepository.swift in Sources */ = {isa = PBXBuildFile; fileRef = 924AB02729212EF400118C9D /* FirestoreRepository.swift */; };
		924AB02A2924E44C00118C9D /* RecipeTableViewController.swift in Sources */ = {isa = PBXBuildFile; fileRef = 924AB0292924E44C00118C9D /* RecipeTableViewController.swift */; };
		92A1DE7B29385CA1001F2710 /* StorageManager.swift in Sources */ = {isa = PBXBuildFile; fileRef = 92A1DE7A29385CA1001F2710 /* StorageManager.swift */; };
		92A1DE7E29397177001F2710 /* FirebaseStorage in Frameworks */ = {isa = PBXBuildFile; productRef = 92A1DE7D29397177001F2710 /* FirebaseStorage */; };
/* End PBXBuildFile section */

/* Begin PBXFileReference section */
		920FB68D292F34A000868CC8 /* ViewRecipeTableViewController.swift */ = {isa = PBXFileReference; lastKnownFileType = sourcecode.swift; path = ViewRecipeTableViewController.swift; sourceTree = "<group>"; };
		920FB68F292F34D600868CC8 /* EditRecipeTableViewController.swift */ = {isa = PBXFileReference; lastKnownFileType = sourcecode.swift; path = EditRecipeTableViewController.swift; sourceTree = "<group>"; };
		920FB691292F64C600868CC8 /* AddRecipeTableViewController.swift */ = {isa = PBXFileReference; lastKnownFileType = sourcecode.swift; path = AddRecipeTableViewController.swift; sourceTree = "<group>"; };
		924AB005292118DD00118C9D /* BabyWeaningDiary.app */ = {isa = PBXFileReference; explicitFileType = wrapper.application; includeInIndex = 0; path = BabyWeaningDiary.app; sourceTree = BUILT_PRODUCTS_DIR; };
		924AB008292118DD00118C9D /* AppDelegate.swift */ = {isa = PBXFileReference; lastKnownFileType = sourcecode.swift; path = AppDelegate.swift; sourceTree = "<group>"; };
		924AB00A292118DD00118C9D /* SceneDelegate.swift */ = {isa = PBXFileReference; lastKnownFileType = sourcecode.swift; path = SceneDelegate.swift; sourceTree = "<group>"; };
		924AB00F292118DD00118C9D /* Base */ = {isa = PBXFileReference; lastKnownFileType = file.storyboard; name = Base; path = Base.lproj/Main.storyboard; sourceTree = "<group>"; };
		924AB011292118DF00118C9D /* Assets.xcassets */ = {isa = PBXFileReference; lastKnownFileType = folder.assetcatalog; path = Assets.xcassets; sourceTree = "<group>"; };
		924AB014292118DF00118C9D /* Base */ = {isa = PBXFileReference; lastKnownFileType = file.storyboard; name = Base; path = Base.lproj/LaunchScreen.storyboard; sourceTree = "<group>"; };
		924AB016292118DF00118C9D /* Info.plist */ = {isa = PBXFileReference; lastKnownFileType = text.plist.xml; path = Info.plist; sourceTree = "<group>"; };
		924AB01C2921194100118C9D /* GoogleService-Info.plist */ = {isa = PBXFileReference; fileEncoding = 4; lastKnownFileType = text.plist.xml; path = "GoogleService-Info.plist"; sourceTree = "<group>"; };
		924AB02529212EE900118C9D /* Recipe.swift */ = {isa = PBXFileReference; fileEncoding = 4; lastKnownFileType = sourcecode.swift; path = Recipe.swift; sourceTree = "<group>"; };
		924AB02729212EF400118C9D /* FirestoreRepository.swift */ = {isa = PBXFileReference; fileEncoding = 4; lastKnownFileType = sourcecode.swift; path = FirestoreRepository.swift; sourceTree = "<group>"; };
		924AB0292924E44C00118C9D /* RecipeTableViewController.swift */ = {isa = PBXFileReference; lastKnownFileType = sourcecode.swift; path = RecipeTableViewController.swift; sourceTree = "<group>"; };
		92A1DE7A29385CA1001F2710 /* StorageManager.swift */ = {isa = PBXFileReference; lastKnownFileType = sourcecode.swift; path = StorageManager.swift; sourceTree = "<group>"; };
/* End PBXFileReference section */

/* Begin PBXFrameworksBuildPhase section */
		924AB002292118DD00118C9D /* Frameworks */ = {
			isa = PBXFrameworksBuildPhase;
			buildActionMask = 2147483647;
			files = (
				924AB02029211A0F00118C9D /* FirebaseAuth in Frameworks */,
				92A1DE7E29397177001F2710 /* FirebaseStorage in Frameworks */,
				924AB02229211A0F00118C9D /* FirebaseFirestore in Frameworks */,
				924AB02429211A0F00118C9D /* FirebaseFirestoreSwift in Frameworks */,
			);
			runOnlyForDeploymentPostprocessing = 0;
		};
/* End PBXFrameworksBuildPhase section */

/* Begin PBXGroup section */
		924AAFFC292118DD00118C9D = {
			isa = PBXGroup;
			children = (
				924AB007292118DD00118C9D /* BabyWeaningDiary */,
				924AB006292118DD00118C9D /* Products */,
				92A1DE7C29397177001F2710 /* Frameworks */,
			);
			sourceTree = "<group>";
		};
		924AB006292118DD00118C9D /* Products */ = {
			isa = PBXGroup;
			children = (
				924AB005292118DD00118C9D /* BabyWeaningDiary.app */,
			);
			name = Products;
			sourceTree = "<group>";
		};
		924AB007292118DD00118C9D /* BabyWeaningDiary */ = {
			isa = PBXGroup;
			children = (
				924AB01C2921194100118C9D /* GoogleService-Info.plist */,
				924AB008292118DD00118C9D /* AppDelegate.swift */,
				924AB00A292118DD00118C9D /* SceneDelegate.swift */,
				924AB02529212EE900118C9D /* Recipe.swift */,
				924AB02729212EF400118C9D /* FirestoreRepository.swift */,
				924AB00E292118DD00118C9D /* Main.storyboard */,
				920FB68D292F34A000868CC8 /* ViewRecipeTableViewController.swift */,
				920FB68F292F34D600868CC8 /* EditRecipeTableViewController.swift */,
				92A1DE7A29385CA1001F2710 /* StorageManager.swift */,
				920FB691292F64C600868CC8 /* AddRecipeTableViewController.swift */,
				924AB0292924E44C00118C9D /* RecipeTableViewController.swift */,
				924AB011292118DF00118C9D /* Assets.xcassets */,
				924AB013292118DF00118C9D /* LaunchScreen.storyboard */,
				924AB016292118DF00118C9D /* Info.plist */,
			);
			path = BabyWeaningDiary;
			sourceTree = "<group>";
		};
		92A1DE7C29397177001F2710 /* Frameworks */ = {
			isa = PBXGroup;
			children = (
			);
			name = Frameworks;
			sourceTree = "<group>";
		};
/* End PBXGroup section */

/* Begin PBXNativeTarget section */
		924AB004292118DD00118C9D /* BabyWeaningDiary */ = {
			isa = PBXNativeTarget;
			buildConfigurationList = 924AB019292118DF00118C9D /* Build configuration list for PBXNativeTarget "BabyWeaningDiary" */;
			buildPhases = (
				924AB001292118DD00118C9D /* Sources */,
				924AB002292118DD00118C9D /* Frameworks */,
				924AB003292118DD00118C9D /* Resources */,
			);
			buildRules = (
			);
			dependencies = (
			);
			name = BabyWeaningDiary;
			packageProductDependencies = (
				924AB01F29211A0F00118C9D /* FirebaseAuth */,
				924AB02129211A0F00118C9D /* FirebaseFirestore */,
				924AB02329211A0F00118C9D /* FirebaseFirestoreSwift */,
				92A1DE7D29397177001F2710 /* FirebaseStorage */,
			);
			productName = BabyWeaningDiary;
			productReference = 924AB005292118DD00118C9D /* BabyWeaningDiary.app */;
			productType = "com.apple.product-type.application";
		};
/* End PBXNativeTarget section */

/* Begin PBXProject section */
		924AAFFD292118DD00118C9D /* Project object */ = {
			isa = PBXProject;
			attributes = {
				BuildIndependentTargetsInParallel = 1;
				LastSwiftUpdateCheck = 1410;
				LastUpgradeCheck = 1410;
				TargetAttributes = {
					924AB004292118DD00118C9D = {
						CreatedOnToolsVersion = 14.1;
					};
				};
			};
			buildConfigurationList = 924AB000292118DD00118C9D /* Build configuration list for PBXProject "BabyWeaningDiary" */;
			compatibilityVersion = "Xcode 14.0";
			developmentRegion = en;
			hasScannedForEncodings = 0;
			knownRegions = (
				en,
				Base,
			);
			mainGroup = 924AAFFC292118DD00118C9D;
			packageReferences = (
				924AB01E29211A0F00118C9D /* XCRemoteSwiftPackageReference "firebase-ios-sdk" */,
			);
			productRefGroup = 924AB006292118DD00118C9D /* Products */;
			projectDirPath = "";
			projectRoot = "";
			targets = (
				924AB004292118DD00118C9D /* BabyWeaningDiary */,
			);
		};
/* End PBXProject section */

/* Begin PBXResourcesBuildPhase section */
		924AB003292118DD00118C9D /* Resources */ = {
			isa = PBXResourcesBuildPhase;
			buildActionMask = 2147483647;
			files = (
				924AB015292118DF00118C9D /* LaunchScreen.storyboard in Resources */,
				924AB01D2921194100118C9D /* GoogleService-Info.plist in Resources */,
				924AB012292118DF00118C9D /* Assets.xcassets in Resources */,
				924AB010292118DD00118C9D /* Main.storyboard in Resources */,
			);
			runOnlyForDeploymentPostprocessing = 0;
		};
/* End PBXResourcesBuildPhase section */

/* Begin PBXSourcesBuildPhase section */
		924AB001292118DD00118C9D /* Sources */ = {
			isa = PBXSourcesBuildPhase;
			buildActionMask = 2147483647;
			files = (
				924AB02829212EF400118C9D /* FirestoreRepository.swift in Sources */,
				920FB692292F64C600868CC8 /* AddRecipeTableViewController.swift in Sources */,
				920FB690292F34D600868CC8 /* EditRecipeTableViewController.swift in Sources */,
				92A1DE7B29385CA1001F2710 /* StorageManager.swift in Sources */,
				924AB009292118DD00118C9D /* AppDelegate.swift in Sources */,
				924AB00B292118DD00118C9D /* SceneDelegate.swift in Sources */,
				924AB02629212EE900118C9D /* Recipe.swift in Sources */,
				920FB68E292F34A000868CC8 /* ViewRecipeTableViewController.swift in Sources */,
				924AB02A2924E44C00118C9D /* RecipeTableViewController.swift in Sources */,
			);
			runOnlyForDeploymentPostprocessing = 0;
		};
/* End PBXSourcesBuildPhase section */

/* Begin PBXVariantGroup section */
		924AB00E292118DD00118C9D /* Main.storyboard */ = {
			isa = PBXVariantGroup;
			children = (
				924AB00F292118DD00118C9D /* Base */,
			);
			name = Main.storyboard;
			sourceTree = "<group>";
		};
		924AB013292118DF00118C9D /* LaunchScreen.storyboard */ = {
			isa = PBXVariantGroup;
			children = (
				924AB014292118DF00118C9D /* Base */,
			);
			name = LaunchScreen.storyboard;
			sourceTree = "<group>";
		};
/* End PBXVariantGroup section */

/* Begin XCBuildConfiguration section */
		924AB017292118DF00118C9D /* Debug */ = {
			isa = XCBuildConfiguration;
			buildSettings = {
				ALWAYS_SEARCH_USER_PATHS = NO;
				CLANG_ANALYZER_NONNULL = YES;
				CLANG_ANALYZER_NUMBER_OBJECT_CONVERSION = YES_AGGRESSIVE;
				CLANG_CXX_LANGUAGE_STANDARD = "gnu++20";
				CLANG_ENABLE_MODULES = YES;
				CLANG_ENABLE_OBJC_ARC = YES;
				CLANG_ENABLE_OBJC_WEAK = YES;
				CLANG_WARN_BLOCK_CAPTURE_AUTORELEASING = YES;
				CLANG_WARN_BOOL_CONVERSION = YES;
				CLANG_WARN_COMMA = YES;
				CLANG_WARN_CONSTANT_CONVERSION = YES;
				CLANG_WARN_DEPRECATED_OBJC_IMPLEMENTATIONS = YES;
				CLANG_WARN_DIRECT_OBJC_ISA_USAGE = YES_ERROR;
				CLANG_WARN_DOCUMENTATION_COMMENTS = YES;
				CLANG_WARN_EMPTY_BODY = YES;
				CLANG_WARN_ENUM_CONVERSION = YES;
				CLANG_WARN_INFINITE_RECURSION = YES;
				CLANG_WARN_INT_CONVERSION = YES;
				CLANG_WARN_NON_LITERAL_NULL_CONVERSION = YES;
				CLANG_WARN_OBJC_IMPLICIT_RETAIN_SELF = YES;
				CLANG_WARN_OBJC_LITERAL_CONVERSION = YES;
				CLANG_WARN_OBJC_ROOT_CLASS = YES_ERROR;
				CLANG_WARN_QUOTED_INCLUDE_IN_FRAMEWORK_HEADER = YES;
				CLANG_WARN_RANGE_LOOP_ANALYSIS = YES;
				CLANG_WARN_STRICT_PROTOTYPES = YES;
				CLANG_WARN_SUSPICIOUS_MOVE = YES;
				CLANG_WARN_UNGUARDED_AVAILABILITY = YES_AGGRESSIVE;
				CLANG_WARN_UNREACHABLE_CODE = YES;
				CLANG_WARN__DUPLICATE_METHOD_MATCH = YES;
				COPY_PHASE_STRIP = NO;
				DEBUG_INFORMATION_FORMAT = dwarf;
				ENABLE_STRICT_OBJC_MSGSEND = YES;
				ENABLE_TESTABILITY = YES;
				GCC_C_LANGUAGE_STANDARD = gnu11;
				GCC_DYNAMIC_NO_PIC = NO;
				GCC_NO_COMMON_BLOCKS = YES;
				GCC_OPTIMIZATION_LEVEL = 0;
				GCC_PREPROCESSOR_DEFINITIONS = (
					"DEBUG=1",
					"$(inherited)",
				);
				GCC_WARN_64_TO_32_BIT_CONVERSION = YES;
				GCC_WARN_ABOUT_RETURN_TYPE = YES_ERROR;
				GCC_WARN_UNDECLARED_SELECTOR = YES;
				GCC_WARN_UNINITIALIZED_AUTOS = YES_AGGRESSIVE;
				GCC_WARN_UNUSED_FUNCTION = YES;
				GCC_WARN_UNUSED_VARIABLE = YES;
				IPHONEOS_DEPLOYMENT_TARGET = 16.1;
				MTL_ENABLE_DEBUG_INFO = INCLUDE_SOURCE;
				MTL_FAST_MATH = YES;
				ONLY_ACTIVE_ARCH = YES;
				SDKROOT = iphoneos;
				SWIFT_ACTIVE_COMPILATION_CONDITIONS = DEBUG;
				SWIFT_OPTIMIZATION_LEVEL = "-Onone";
			};
			name = Debug;
		};
		924AB018292118DF00118C9D /* Release */ = {
			isa = XCBuildConfiguration;
			buildSettings = {
				ALWAYS_SEARCH_USER_PATHS = NO;
				CLANG_ANALYZER_NONNULL = YES;
				CLANG_ANALYZER_NUMBER_OBJECT_CONVERSION = YES_AGGRESSIVE;
				CLANG_CXX_LANGUAGE_STANDARD = "gnu++20";
				CLANG_ENABLE_MODULES = YES;
				CLANG_ENABLE_OBJC_ARC = YES;
				CLANG_ENABLE_OBJC_WEAK = YES;
				CLANG_WARN_BLOCK_CAPTURE_AUTORELEASING = YES;
				CLANG_WARN_BOOL_CONVERSION = YES;
				CLANG_WARN_COMMA = YES;
				CLANG_WARN_CONSTANT_CONVERSION = YES;
				CLANG_WARN_DEPRECATED_OBJC_IMPLEMENTATIONS = YES;
				CLANG_WARN_DIRECT_OBJC_ISA_USAGE = YES_ERROR;
				CLANG_WARN_DOCUMENTATION_COMMENTS = YES;
				CLANG_WARN_EMPTY_BODY = YES;
				CLANG_WARN_ENUM_CONVERSION = YES;
				CLANG_WARN_INFINITE_RECURSION = YES;
				CLANG_WARN_INT_CONVERSION = YES;
				CLANG_WARN_NON_LITERAL_NULL_CONVERSION = YES;
				CLANG_WARN_OBJC_IMPLICIT_RETAIN_SELF = YES;
				CLANG_WARN_OBJC_LITERAL_CONVERSION = YES;
				CLANG_WARN_OBJC_ROOT_CLASS = YES_ERROR;
				CLANG_WARN_QUOTED_INCLUDE_IN_FRAMEWORK_HEADER = YES;
				CLANG_WARN_RANGE_LOOP_ANALYSIS = YES;
				CLANG_WARN_STRICT_PROTOTYPES = YES;
				CLANG_WARN_SUSPICIOUS_MOVE = YES;
				CLANG_WARN_UNGUARDED_AVAILABILITY = YES_AGGRESSIVE;
				CLANG_WARN_UNREACHABLE_CODE = YES;
				CLANG_WARN__DUPLICATE_METHOD_MATCH = YES;
				COPY_PHASE_STRIP = NO;
				DEBUG_INFORMATION_FORMAT = "dwarf-with-dsym";
				ENABLE_NS_ASSERTIONS = NO;
				ENABLE_STRICT_OBJC_MSGSEND = YES;
				GCC_C_LANGUAGE_STANDARD = gnu11;
				GCC_NO_COMMON_BLOCKS = YES;
				GCC_WARN_64_TO_32_BIT_CONVERSION = YES;
				GCC_WARN_ABOUT_RETURN_TYPE = YES_ERROR;
				GCC_WARN_UNDECLARED_SELECTOR = YES;
				GCC_WARN_UNINITIALIZED_AUTOS = YES_AGGRESSIVE;
				GCC_WARN_UNUSED_FUNCTION = YES;
				GCC_WARN_UNUSED_VARIABLE = YES;
				IPHONEOS_DEPLOYMENT_TARGET = 16.1;
				MTL_ENABLE_DEBUG_INFO = NO;
				MTL_FAST_MATH = YES;
				SDKROOT = iphoneos;
				SWIFT_COMPILATION_MODE = wholemodule;
				SWIFT_OPTIMIZATION_LEVEL = "-O";
				VALIDATE_PRODUCT = YES;
			};
			name = Release;
		};
		924AB01A292118DF00118C9D /* Debug */ = {
			isa = XCBuildConfiguration;
			buildSettings = {
				ASSETCATALOG_COMPILER_APPICON_NAME = AppIcon;
				ASSETCATALOG_COMPILER_GLOBAL_ACCENT_COLOR_NAME = AccentColor;
				CODE_SIGN_STYLE = Automatic;
				CURRENT_PROJECT_VERSION = 1;
				GENERATE_INFOPLIST_FILE = YES;
				INFOPLIST_FILE = BabyWeaningDiary/Info.plist;
				INFOPLIST_KEY_UIApplicationSupportsIndirectInputEvents = YES;
				INFOPLIST_KEY_UILaunchStoryboardName = LaunchScreen;
				INFOPLIST_KEY_UIMainStoryboardFile = Main;
				INFOPLIST_KEY_UISupportedInterfaceOrientations_iPad = "UIInterfaceOrientationPortrait UIInterfaceOrientationPortraitUpsideDown UIInterfaceOrientationLandscapeLeft UIInterfaceOrientationLandscapeRight";
				INFOPLIST_KEY_UISupportedInterfaceOrientations_iPhone = "UIInterfaceOrientationPortrait UIInterfaceOrientationLandscapeLeft UIInterfaceOrientationLandscapeRight";
				IPHONEOS_DEPLOYMENT_TARGET = 16.0;
				LD_RUNPATH_SEARCH_PATHS = (
					"$(inherited)",
					"@executable_path/Frameworks",
				);
				MARKETING_VERSION = 1.0;
				PRODUCT_BUNDLE_IDENTIFIER = Shiori.BabyWeaningDiary;
				PRODUCT_NAME = "$(TARGET_NAME)";
				SWIFT_EMIT_LOC_STRINGS = YES;
				SWIFT_VERSION = 5.0;
				TARGETED_DEVICE_FAMILY = "1,2";
			};
			name = Debug;
		};
		924AB01B292118DF00118C9D /* Release */ = {
			isa = XCBuildConfiguration;
			buildSettings = {
				ASSETCATALOG_COMPILER_APPICON_NAME = AppIcon;
				ASSETCATALOG_COMPILER_GLOBAL_ACCENT_COLOR_NAME = AccentColor;
				CODE_SIGN_STYLE = Automatic;
				CURRENT_PROJECT_VERSION = 1;
				GENERATE_INFOPLIST_FILE = YES;
				INFOPLIST_FILE = BabyWeaningDiary/Info.plist;
				INFOPLIST_KEY_UIApplicationSupportsIndirectInputEvents = YES;
				INFOPLIST_KEY_UILaunchStoryboardName = LaunchScreen;
				INFOPLIST_KEY_UIMainStoryboardFile = Main;
				INFOPLIST_KEY_UISupportedInterfaceOrientations_iPad = "UIInterfaceOrientationPortrait UIInterfaceOrientationPortraitUpsideDown UIInterfaceOrientationLandscapeLeft UIInterfaceOrientationLandscapeRight";
				INFOPLIST_KEY_UISupportedInterfaceOrientations_iPhone = "UIInterfaceOrientationPortrait UIInterfaceOrientationLandscapeLeft UIInterfaceOrientationLandscapeRight";
				IPHONEOS_DEPLOYMENT_TARGET = 16.0;
				LD_RUNPATH_SEARCH_PATHS = (
					"$(inherited)",
					"@executable_path/Frameworks",
				);
				MARKETING_VERSION = 1.0;
				PRODUCT_BUNDLE_IDENTIFIER = Shiori.BabyWeaningDiary;
				PRODUCT_NAME = "$(TARGET_NAME)";
				SWIFT_EMIT_LOC_STRINGS = YES;
				SWIFT_VERSION = 5.0;
				TARGETED_DEVICE_FAMILY = "1,2";
			};
			name = Release;
		};
/* End XCBuildConfiguration section */

/* Begin XCConfigurationList section */
		924AB000292118DD00118C9D /* Build configuration list for PBXProject "BabyWeaningDiary" */ = {
			isa = XCConfigurationList;
			buildConfigurations = (
				924AB017292118DF00118C9D /* Debug */,
				924AB018292118DF00118C9D /* Release */,
			);
			defaultConfigurationIsVisible = 0;
			defaultConfigurationName = Release;
		};
		924AB019292118DF00118C9D /* Build configuration list for PBXNativeTarget "BabyWeaningDiary" */ = {
			isa = XCConfigurationList;
			buildConfigurations = (
				924AB01A292118DF00118C9D /* Debug */,
				924AB01B292118DF00118C9D /* Release */,
			);
			defaultConfigurationIsVisible = 0;
			defaultConfigurationName = Release;
		};
/* End XCConfigurationList section */

/* Begin XCRemoteSwiftPackageReference section */
		924AB01E29211A0F00118C9D /* XCRemoteSwiftPackageReference "firebase-ios-sdk" */ = {
			isa = XCRemoteSwiftPackageReference;
			repositoryURL = "https://github.com/firebase/firebase-ios-sdk";
			requirement = {
				kind = upToNextMajorVersion;
				minimumVersion = 9.0.0;
			};
		};
/* End XCRemoteSwiftPackageReference section */

/* Begin XCSwiftPackageProductDependency section */
		924AB01F29211A0F00118C9D /* FirebaseAuth */ = {
			isa = XCSwiftPackageProductDependency;
			package = 924AB01E29211A0F00118C9D /* XCRemoteSwiftPackageReference "firebase-ios-sdk" */;
			productName = FirebaseAuth;
		};
		924AB02129211A0F00118C9D /* FirebaseFirestore */ = {
			isa = XCSwiftPackageProductDependency;
			package = 924AB01E29211A0F00118C9D /* XCRemoteSwiftPackageReference "firebase-ios-sdk" */;
			productName = FirebaseFirestore;
		};
		924AB02329211A0F00118C9D /* FirebaseFirestoreSwift */ = {
			isa = XCSwiftPackageProductDependency;
			package = 924AB01E29211A0F00118C9D /* XCRemoteSwiftPackageReference "firebase-ios-sdk" */;
			productName = FirebaseFirestoreSwift;
		};
		92A1DE7D29397177001F2710 /* FirebaseStorage */ = {
			isa = XCSwiftPackageProductDependency;
			package = 924AB01E29211A0F00118C9D /* XCRemoteSwiftPackageReference "firebase-ios-sdk" */;
			productName = FirebaseStorage;
		};
/* End XCSwiftPackageProductDependency section */
	};
	rootObject = 924AAFFD292118DD00118C9D /* Project object */;
}
